// !$*UTF8*$!
{
	archiveVersion = 1;
	classes = {
	};
	objectVersion = 51;
	objects = {

/* Begin PBXBuildFile section */
		1FC6F5D9B18A4256E2F733E2 /* Pods_ThreePounds.framework in Frameworks */ = {isa = PBXBuildFile; fileRef = 06658161C5F6EDC208E15F26 /* Pods_ThreePounds.framework */; };
		B99AC16725F0303C0051579F /* Album.swift in Sources */ = {isa = PBXBuildFile; fileRef = B99AC16625F0303C0051579F /* Album.swift */; };
		B99AC16B25F031A30051579F /* AlbumsTableViewController.swift in Sources */ = {isa = PBXBuildFile; fileRef = B99AC16A25F031A30051579F /* AlbumsTableViewController.swift */; };
		B99AC16E25F033170051579F /* AlbumsTableViewCell.swift in Sources */ = {isa = PBXBuildFile; fileRef = B99AC16D25F033170051579F /* AlbumsTableViewCell.swift */; };
		B99AC17225F03B5E0051579F /* Api.swift in Sources */ = {isa = PBXBuildFile; fileRef = B99AC17125F03B5E0051579F /* Api.swift */; };
		B99AC17625F03C2E0051579F /* Constant.swift in Sources */ = {isa = PBXBuildFile; fileRef = B99AC17525F03C2E0051579F /* Constant.swift */; };
		B99AC18025F0432A0051579F /* Photo.swift in Sources */ = {isa = PBXBuildFile; fileRef = B99AC17F25F0432A0051579F /* Photo.swift */; };
		B9F00EA925F0266200D467EC /* AppDelegate.swift in Sources */ = {isa = PBXBuildFile; fileRef = B9F00EA825F0266200D467EC /* AppDelegate.swift */; };
		B9F00EAB25F0266200D467EC /* SceneDelegate.swift in Sources */ = {isa = PBXBuildFile; fileRef = B9F00EAA25F0266200D467EC /* SceneDelegate.swift */; };
		B9F00EAD25F0266200D467EC /* ViewController.swift in Sources */ = {isa = PBXBuildFile; fileRef = B9F00EAC25F0266200D467EC /* ViewController.swift */; };
		B9F00EB025F0266200D467EC /* Main.storyboard in Resources */ = {isa = PBXBuildFile; fileRef = B9F00EAE25F0266200D467EC /* Main.storyboard */; };
		B9F00EB225F0266400D467EC /* Assets.xcassets in Resources */ = {isa = PBXBuildFile; fileRef = B9F00EB125F0266400D467EC /* Assets.xcassets */; };
		B9F00EB525F0266400D467EC /* LaunchScreen.storyboard in Resources */ = {isa = PBXBuildFile; fileRef = B9F00EB325F0266400D467EC /* LaunchScreen.storyboard */; };
/* End PBXBuildFile section */

/* Begin PBXFileReference section */
		06658161C5F6EDC208E15F26 /* Pods_ThreePounds.framework */ = {isa = PBXFileReference; explicitFileType = wrapper.framework; includeInIndex = 0; path = Pods_ThreePounds.framework; sourceTree = BUILT_PRODUCTS_DIR; };
		895DC0CE90E6BAA9C825020B /* Pods-ThreePounds.release.xcconfig */ = {isa = PBXFileReference; includeInIndex = 1; lastKnownFileType = text.xcconfig; name = "Pods-ThreePounds.release.xcconfig"; path = "Target Support Files/Pods-ThreePounds/Pods-ThreePounds.release.xcconfig"; sourceTree = "<group>"; };
		9DE487D0C18F92DACCCEB8D6 /* Pods-ThreePounds.debug.xcconfig */ = {isa = PBXFileReference; includeInIndex = 1; lastKnownFileType = text.xcconfig; name = "Pods-ThreePounds.debug.xcconfig"; path = "Target Support Files/Pods-ThreePounds/Pods-ThreePounds.debug.xcconfig"; sourceTree = "<group>"; };
		B99AC16625F0303C0051579F /* Album.swift */ = {isa = PBXFileReference; lastKnownFileType = sourcecode.swift; path = Album.swift; sourceTree = "<group>"; };
		B99AC16A25F031A30051579F /* AlbumsTableViewController.swift */ = {isa = PBXFileReference; lastKnownFileType = sourcecode.swift; path = AlbumsTableViewController.swift; sourceTree = "<group>"; };
		B99AC16D25F033170051579F /* AlbumsTableViewCell.swift */ = {isa = PBXFileReference; lastKnownFileType = sourcecode.swift; path = AlbumsTableViewCell.swift; sourceTree = "<group>"; };
		B99AC17125F03B5E0051579F /* Api.swift */ = {isa = PBXFileReference; lastKnownFileType = sourcecode.swift; path = Api.swift; sourceTree = "<group>"; };
		B99AC17525F03C2E0051579F /* Constant.swift */ = {isa = PBXFileReference; lastKnownFileType = sourcecode.swift; path = Constant.swift; sourceTree = "<group>"; };
		B99AC17F25F0432A0051579F /* Photo.swift */ = {isa = PBXFileReference; lastKnownFileType = sourcecode.swift; path = Photo.swift; sourceTree = "<group>"; };
		B9F00EA525F0266200D467EC /* ThreePounds.app */ = {isa = PBXFileReference; explicitFileType = wrapper.application; includeInIndex = 0; path = ThreePounds.app; sourceTree = BUILT_PRODUCTS_DIR; };
		B9F00EA825F0266200D467EC /* AppDelegate.swift */ = {isa = PBXFileReference; lastKnownFileType = sourcecode.swift; path = AppDelegate.swift; sourceTree = "<group>"; };
		B9F00EAA25F0266200D467EC /* SceneDelegate.swift */ = {isa = PBXFileReference; lastKnownFileType = sourcecode.swift; path = SceneDelegate.swift; sourceTree = "<group>"; };
		B9F00EAC25F0266200D467EC /* ViewController.swift */ = {isa = PBXFileReference; lastKnownFileType = sourcecode.swift; path = ViewController.swift; sourceTree = "<group>"; };
		B9F00EAF25F0266200D467EC /* Base */ = {isa = PBXFileReference; lastKnownFileType = file.storyboard; name = Base; path = Base.lproj/Main.storyboard; sourceTree = "<group>"; };
		B9F00EB125F0266400D467EC /* Assets.xcassets */ = {isa = PBXFileReference; lastKnownFileType = folder.assetcatalog; path = Assets.xcassets; sourceTree = "<group>"; };
		B9F00EB425F0266400D467EC /* Base */ = {isa = PBXFileReference; lastKnownFileType = file.storyboard; name = Base; path = Base.lproj/LaunchScreen.storyboard; sourceTree = "<group>"; };
		B9F00EB625F0266400D467EC /* Info.plist */ = {isa = PBXFileReference; lastKnownFileType = text.plist.xml; path = Info.plist; sourceTree = "<group>"; };
/* End PBXFileReference section */

/* Begin PBXFrameworksBuildPhase section */
		B9F00EA225F0266200D467EC /* Frameworks */ = {
			isa = PBXFrameworksBuildPhase;
			buildActionMask = 2147483647;
			files = (
				1FC6F5D9B18A4256E2F733E2 /* Pods_ThreePounds.framework in Frameworks */,
			);
			runOnlyForDeploymentPostprocessing = 0;
		};
/* End PBXFrameworksBuildPhase section */

/* Begin PBXGroup section */
		3408D44D987756F8A80A015C /* Pods */ = {
			isa = PBXGroup;
			children = (
				9DE487D0C18F92DACCCEB8D6 /* Pods-ThreePounds.debug.xcconfig */,
				895DC0CE90E6BAA9C825020B /* Pods-ThreePounds.release.xcconfig */,
			);
			path = Pods;
			sourceTree = "<group>";
		};
		77392FC9CAED2078D00438EE /* Frameworks */ = {
			isa = PBXGroup;
			children = (
				06658161C5F6EDC208E15F26 /* Pods_ThreePounds.framework */,
			);
			name = Frameworks;
			sourceTree = "<group>";
		};
		B99AC16325F02FEA0051579F /* Model */ = {
			isa = PBXGroup;
			children = (
				B99AC16625F0303C0051579F /* Album.swift */,
				B99AC17F25F0432A0051579F /* Photo.swift */,
			);
			path = Model;
			sourceTree = "<group>";
		};
		B99AC16525F030170051579F /* ViewControllers */ = {
			isa = PBXGroup;
			children = (
				B9F00EAC25F0266200D467EC /* ViewController.swift */,
				B99AC16A25F031A30051579F /* AlbumsTableViewController.swift */,
			);
			path = ViewControllers;
			sourceTree = "<group>";
		};
		B99AC17025F03B470051579F /* Service */ = {
			isa = PBXGroup;
			children = (
				B99AC17125F03B5E0051579F /* Api.swift */,
			);
			path = Service;
			sourceTree = "<group>";
		};
		B99AC17425F03C130051579F /* Utils */ = {
			isa = PBXGroup;
			children = (
				B99AC17525F03C2E0051579F /* Constant.swift */,
			);
			path = Utils;
			sourceTree = "<group>";
		};
		B9F00E9C25F0266200D467EC = {
			isa = PBXGroup;
			children = (
				B9F00EA725F0266200D467EC /* ThreePounds */,
				B9F00EA625F0266200D467EC /* Products */,
				3408D44D987756F8A80A015C /* Pods */,
				77392FC9CAED2078D00438EE /* Frameworks */,
			);
			sourceTree = "<group>";
		};
		B9F00EA625F0266200D467EC /* Products */ = {
			isa = PBXGroup;
			children = (
				B9F00EA525F0266200D467EC /* ThreePounds.app */,
			);
			name = Products;
			sourceTree = "<group>";
		};
		B9F00EA725F0266200D467EC /* ThreePounds */ = {
			isa = PBXGroup;
			children = (
				B9F00EBD25F029D700D467EC /* Views */,
				B99AC17425F03C130051579F /* Utils */,
				B99AC17025F03B470051579F /* Service */,
				B99AC16525F030170051579F /* ViewControllers */,
				B99AC16325F02FEA0051579F /* Model */,
				B9F00EA825F0266200D467EC /* AppDelegate.swift */,
				B9F00EAA25F0266200D467EC /* SceneDelegate.swift */,
				B9F00EAE25F0266200D467EC /* Main.storyboard */,
				B9F00EB125F0266400D467EC /* Assets.xcassets */,
				B9F00EB325F0266400D467EC /* LaunchScreen.storyboard */,
				B9F00EB625F0266400D467EC /* Info.plist */,
			);
			path = ThreePounds;
			sourceTree = "<group>";
		};
		B9F00EBD25F029D700D467EC /* Views */ = {
			isa = PBXGroup;
			children = (
				B99AC16D25F033170051579F /* AlbumsTableViewCell.swift */,
			);
			path = Views;
			sourceTree = "<group>";
		};
/* End PBXGroup section */

/* Begin PBXNativeTarget section */
		B9F00EA425F0266200D467EC /* ThreePounds */ = {
			isa = PBXNativeTarget;
			buildConfigurationList = B9F00EB925F0266400D467EC /* Build configuration list for PBXNativeTarget "ThreePounds" */;
			buildPhases = (
				2C9548664E7A504768DC2209 /* [CP] Check Pods Manifest.lock */,
				B9F00EA125F0266200D467EC /* Sources */,
				B9F00EA225F0266200D467EC /* Frameworks */,
				B9F00EA325F0266200D467EC /* Resources */,
				3BCCE8445A6B33135ABF17D5 /* [CP] Embed Pods Frameworks */,
			);
			buildRules = (
			);
			dependencies = (
			);
			name = ThreePounds;
			productName = ThreePounds;
			productReference = B9F00EA525F0266200D467EC /* ThreePounds.app */;
			productType = "com.apple.product-type.application";
		};
/* End PBXNativeTarget section */

/* Begin PBXProject section */
		B9F00E9D25F0266200D467EC /* Project object */ = {
			isa = PBXProject;
			attributes = {
				LastSwiftUpdateCheck = 1240;
				LastUpgradeCheck = 1240;
				TargetAttributes = {
					B9F00EA425F0266200D467EC = {
						CreatedOnToolsVersion = 12.4;
					};
				};
			};
			buildConfigurationList = B9F00EA025F0266200D467EC /* Build configuration list for PBXProject "ThreePounds" */;
			compatibilityVersion = "Xcode 9.3";
			developmentRegion = en;
			hasScannedForEncodings = 0;
			knownRegions = (
				en,
				Base,
			);
			mainGroup = B9F00E9C25F0266200D467EC;
			productRefGroup = B9F00EA625F0266200D467EC /* Products */;
			projectDirPath = "";
			projectRoot = "";
			targets = (
				B9F00EA425F0266200D467EC /* ThreePounds */,
			);
		};
/* End PBXProject section */

/* Begin PBXResourcesBuildPhase section */
		B9F00EA325F0266200D467EC /* Resources */ = {
			isa = PBXResourcesBuildPhase;
			buildActionMask = 2147483647;
			files = (
				B9F00EB525F0266400D467EC /* LaunchScreen.storyboard in Resources */,
				B9F00EB225F0266400D467EC /* Assets.xcassets in Resources */,
				B9F00EB025F0266200D467EC /* Main.storyboard in Resources */,
			);
			runOnlyForDeploymentPostprocessing = 0;
		};
/* End PBXResourcesBuildPhase section */

/* Begin PBXShellScriptBuildPhase section */
		2C9548664E7A504768DC2209 /* [CP] Check Pods Manifest.lock */ = {
			isa = PBXShellScriptBuildPhase;
			buildActionMask = 2147483647;
			files = (
			);
			inputFileListPaths = (
			);
			inputPaths = (
				"${PODS_PODFILE_DIR_PATH}/Podfile.lock",
				"${PODS_ROOT}/Manifest.lock",
			);
			name = "[CP] Check Pods Manifest.lock";
			outputFileListPaths = (
			);
			outputPaths = (
				"$(DERIVED_FILE_DIR)/Pods-ThreePounds-checkManifestLockResult.txt",
			);
			runOnlyForDeploymentPostprocessing = 0;
			shellPath = /bin/sh;
			shellScript = "diff \"${PODS_PODFILE_DIR_PATH}/Podfile.lock\" \"${PODS_ROOT}/Manifest.lock\" > /dev/null\nif [ $? != 0 ] ; then\n    # print error to STDERR\n    echo \"error: The sandbox is not in sync with the Podfile.lock. Run 'pod install' or update your CocoaPods installation.\" >&2\n    exit 1\nfi\n# This output is used by Xcode 'outputs' to avoid re-running this script phase.\necho \"SUCCESS\" > \"${SCRIPT_OUTPUT_FILE_0}\"\n";
			showEnvVarsInLog = 0;
		};
		3BCCE8445A6B33135ABF17D5 /* [CP] Embed Pods Frameworks */ = {
			isa = PBXShellScriptBuildPhase;
			buildActionMask = 2147483647;
			files = (
			);
			inputFileListPaths = (
				"${PODS_ROOT}/Target Support Files/Pods-ThreePounds/Pods-ThreePounds-frameworks-${CONFIGURATION}-input-files.xcfilelist",
			);
			name = "[CP] Embed Pods Frameworks";
			outputFileListPaths = (
				"${PODS_ROOT}/Target Support Files/Pods-ThreePounds/Pods-ThreePounds-frameworks-${CONFIGURATION}-output-files.xcfilelist",
			);
			runOnlyForDeploymentPostprocessing = 0;
			shellPath = /bin/sh;
			shellScript = "\"${PODS_ROOT}/Target Support Files/Pods-ThreePounds/Pods-ThreePounds-frameworks.sh\"\n";
			showEnvVarsInLog = 0;
		};
/* End PBXShellScriptBuildPhase section */

/* Begin PBXSourcesBuildPhase section */
		B9F00EA125F0266200D467EC /* Sources */ = {
			isa = PBXSourcesBuildPhase;
			buildActionMask = 2147483647;
			files = (
				B9F00EAD25F0266200D467EC /* ViewController.swift in Sources */,
				B9F00EA925F0266200D467EC /* AppDelegate.swift in Sources */,
				B9F00EAB25F0266200D467EC /* SceneDelegate.swift in Sources */,
				B99AC18025F0432A0051579F /* Photo.swift in Sources */,
				B99AC17625F03C2E0051579F /* Constant.swift in Sources */,
				B99AC16725F0303C0051579F /* Album.swift in Sources */,
				B99AC16B25F031A30051579F /* AlbumsTableViewController.swift in Sources */,
				B99AC17225F03B5E0051579F /* Api.swift in Sources */,
				B99AC16E25F033170051579F /* AlbumsTableViewCell.swift in Sources */,
			);
			runOnlyForDeploymentPostprocessing = 0;
		};
/* End PBXSourcesBuildPhase section */

/* Begin PBXVariantGroup section */
		B9F00EAE25F0266200D467EC /* Main.storyboard */ = {
			isa = PBXVariantGroup;
			children = (
				B9F00EAF25F0266200D467EC /* Base */,
			);
			name = Main.storyboard;
			sourceTree = "<group>";
		};
		B9F00EB325F0266400D467EC /* LaunchScreen.storyboard */ = {
			isa = PBXVariantGroup;
			children = (
				B9F00EB425F0266400D467EC /* Base */,
			);
			name = LaunchScreen.storyboard;
			sourceTree = "<group>";
		};
/* End PBXVariantGroup section */

/* Begin XCBuildConfiguration section */
		B9F00EB725F0266400D467EC /* Debug */ = {
			isa = XCBuildConfiguration;
			buildSettings = {
				ALWAYS_SEARCH_USER_PATHS = NO;
				CLANG_ANALYZER_NONNULL = YES;
				CLANG_ANALYZER_NUMBER_OBJECT_CONVERSION = YES_AGGRESSIVE;
				CLANG_CXX_LANGUAGE_STANDARD = "gnu++14";
				CLANG_CXX_LIBRARY = "libc++";
				CLANG_ENABLE_MODULES = YES;
				CLANG_ENABLE_OBJC_ARC = YES;
				CLANG_ENABLE_OBJC_WEAK = YES;
				CLANG_WARN_BLOCK_CAPTURE_AUTORELEASING = YES;
				CLANG_WARN_BOOL_CONVERSION = YES;
				CLANG_WARN_COMMA = YES;
				CLANG_WARN_CONSTANT_CONVERSION = YES;
				CLANG_WARN_DEPRECATED_OBJC_IMPLEMENTATIONS = YES;
				CLANG_WARN_DIRECT_OBJC_ISA_USAGE = YES_ERROR;
				CLANG_WARN_DOCUMENTATION_COMMENTS = YES;
				CLANG_WARN_EMPTY_BODY = YES;
				CLANG_WARN_ENUM_CONVERSION = YES;
				CLANG_WARN_INFINITE_RECURSION = YES;
				CLANG_WARN_INT_CONVERSION = YES;
				CLANG_WARN_NON_LITERAL_NULL_CONVERSION = YES;
				CLANG_WARN_OBJC_IMPLICIT_RETAIN_SELF = YES;
				CLANG_WARN_OBJC_LITERAL_CONVERSION = YES;
				CLANG_WARN_OBJC_ROOT_CLASS = YES_ERROR;
				CLANG_WARN_QUOTED_INCLUDE_IN_FRAMEWORK_HEADER = YES;
				CLANG_WARN_RANGE_LOOP_ANALYSIS = YES;
				CLANG_WARN_STRICT_PROTOTYPES = YES;
				CLANG_WARN_SUSPICIOUS_MOVE = YES;
				CLANG_WARN_UNGUARDED_AVAILABILITY = YES_AGGRESSIVE;
				CLANG_WARN_UNREACHABLE_CODE = YES;
				CLANG_WARN__DUPLICATE_METHOD_MATCH = YES;
				COPY_PHASE_STRIP = NO;
				DEBUG_INFORMATION_FORMAT = dwarf;
				ENABLE_STRICT_OBJC_MSGSEND = YES;
				ENABLE_TESTABILITY = YES;
				GCC_C_LANGUAGE_STANDARD = gnu11;
				GCC_DYNAMIC_NO_PIC = NO;
				GCC_NO_COMMON_BLOCKS = YES;
				GCC_OPTIMIZATION_LEVEL = 0;
				GCC_PREPROCESSOR_DEFINITIONS = (
					"DEBUG=1",
					"$(inherited)",
				);
				GCC_WARN_64_TO_32_BIT_CONVERSION = YES;
				GCC_WARN_ABOUT_RETURN_TYPE = YES_ERROR;
				GCC_WARN_UNDECLARED_SELECTOR = YES;
				GCC_WARN_UNINITIALIZED_AUTOS = YES_AGGRESSIVE;
				GCC_WARN_UNUSED_FUNCTION = YES;
				GCC_WARN_UNUSED_VARIABLE = YES;
				IPHONEOS_DEPLOYMENT_TARGET = 14.4;
				MTL_ENABLE_DEBUG_INFO = INCLUDE_SOURCE;
				MTL_FAST_MATH = YES;
				ONLY_ACTIVE_ARCH = YES;
				SDKROOT = iphoneos;
				SWIFT_ACTIVE_COMPILATION_CONDITIONS = DEBUG;
				SWIFT_OPTIMIZATION_LEVEL = "-Onone";
			};
			name = Debug;
		};
		B9F00EB825F0266400D467EC /* Release */ = {
			isa = XCBuildConfiguration;
			buildSettings = {
				ALWAYS_SEARCH_USER_PATHS = NO;
				CLANG_ANALYZER_NONNULL = YES;
				CLANG_ANALYZER_NUMBER_OBJECT_CONVERSION = YES_AGGRESSIVE;
				CLANG_CXX_LANGUAGE_STANDARD = "gnu++14";
				CLANG_CXX_LIBRARY = "libc++";
				CLANG_ENABLE_MODULES = YES;
				CLANG_ENABLE_OBJC_ARC = YES;
				CLANG_ENABLE_OBJC_WEAK = YES;
				CLANG_WARN_BLOCK_CAPTURE_AUTORELEASING = YES;
				CLANG_WARN_BOOL_CONVERSION = YES;
				CLANG_WARN_COMMA = YES;
				CLANG_WARN_CONSTANT_CONVERSION = YES;
				CLANG_WARN_DEPRECATED_OBJC_IMPLEMENTATIONS = YES;
				CLANG_WARN_DIRECT_OBJC_ISA_USAGE = YES_ERROR;
				CLANG_WARN_DOCUMENTATION_COMMENTS = YES;
				CLANG_WARN_EMPTY_BODY = YES;
				CLANG_WARN_ENUM_CONVERSION = YES;
				CLANG_WARN_INFINITE_RECURSION = YES;
				CLANG_WARN_INT_CONVERSION = YES;
				CLANG_WARN_NON_LITERAL_NULL_CONVERSION = YES;
				CLANG_WARN_OBJC_IMPLICIT_RETAIN_SELF = YES;
				CLANG_WARN_OBJC_LITERAL_CONVERSION = YES;
				CLANG_WARN_OBJC_ROOT_CLASS = YES_ERROR;
				CLANG_WARN_QUOTED_INCLUDE_IN_FRAMEWORK_HEADER = YES;
				CLANG_WARN_RANGE_LOOP_ANALYSIS = YES;
				CLANG_WARN_STRICT_PROTOTYPES = YES;
				CLANG_WARN_SUSPICIOUS_MOVE = YES;
				CLANG_WARN_UNGUARDED_AVAILABILITY = YES_AGGRESSIVE;
				CLANG_WARN_UNREACHABLE_CODE = YES;
				CLANG_WARN__DUPLICATE_METHOD_MATCH = YES;
				COPY_PHASE_STRIP = NO;
				DEBUG_INFORMATION_FORMAT = "dwarf-with-dsym";
				ENABLE_NS_ASSERTIONS = NO;
				ENABLE_STRICT_OBJC_MSGSEND = YES;
				GCC_C_LANGUAGE_STANDARD = gnu11;
				GCC_NO_COMMON_BLOCKS = YES;
				GCC_WARN_64_TO_32_BIT_CONVERSION = YES;
				GCC_WARN_ABOUT_RETURN_TYPE = YES_ERROR;
				GCC_WARN_UNDECLARED_SELECTOR = YES;
				GCC_WARN_UNINITIALIZED_AUTOS = YES_AGGRESSIVE;
				GCC_WARN_UNUSED_FUNCTION = YES;
				GCC_WARN_UNUSED_VARIABLE = YES;
				IPHONEOS_DEPLOYMENT_TARGET = 14.4;
				MTL_ENABLE_DEBUG_INFO = NO;
				MTL_FAST_MATH = YES;
				SDKROOT = iphoneos;
				SWIFT_COMPILATION_MODE = wholemodule;
				SWIFT_OPTIMIZATION_LEVEL = "-O";
				VALIDATE_PRODUCT = YES;
			};
			name = Release;
		};
		B9F00EBA25F0266400D467EC /* Debug */ = {
			isa = XCBuildConfiguration;
			baseConfigurationReference = 9DE487D0C18F92DACCCEB8D6 /* Pods-ThreePounds.debug.xcconfig */;
			buildSettings = {
				ASSETCATALOG_COMPILER_APPICON_NAME = AppIcon;
				ASSETCATALOG_COMPILER_GLOBAL_ACCENT_COLOR_NAME = AccentColor;
				CODE_SIGN_STYLE = Automatic;
				DEVELOPMENT_TEAM = QJS4FJ5R3Z;
				INFOPLIST_FILE = ThreePounds/Info.plist;
				LD_RUNPATH_SEARCH_PATHS = (
					"$(inherited)",
					"@executable_path/Frameworks",
				);
				PRODUCT_BUNDLE_IDENTIFIER = com.Onur.ThreePounds;
				PRODUCT_NAME = "$(TARGET_NAME)";
				SWIFT_VERSION = 5.0;
				TARGETED_DEVICE_FAMILY = "1,2";
			};
			name = Debug;
		};
		B9F00EBB25F0266400D467EC /* Release */ = {
			isa = XCBuildConfiguration;
			baseConfigurationReference = 895DC0CE90E6BAA9C825020B /* Pods-ThreePounds.release.xcconfig */;
			buildSettings = {
				ASSETCATALOG_COMPILER_APPICON_NAME = AppIcon;
				ASSETCATALOG_COMPILER_GLOBAL_ACCENT_COLOR_NAME = AccentColor;
				CODE_SIGN_STYLE = Automatic;
				DEVELOPMENT_TEAM = QJS4FJ5R3Z;
				INFOPLIST_FILE = ThreePounds/Info.plist;
				LD_RUNPATH_SEARCH_PATHS = (
					"$(inherited)",
					"@executable_path/Frameworks",
				);
				PRODUCT_BUNDLE_IDENTIFIER = com.Onur.ThreePounds;
				PRODUCT_NAME = "$(TARGET_NAME)";
				SWIFT_VERSION = 5.0;
				TARGETED_DEVICE_FAMILY = "1,2";
			};
			name = Release;
		};
/* End XCBuildConfiguration section */

/* Begin XCConfigurationList section */
		B9F00EA025F0266200D467EC /* Build configuration list for PBXProject "ThreePounds" */ = {
			isa = XCConfigurationList;
			buildConfigurations = (
				B9F00EB725F0266400D467EC /* Debug */,
				B9F00EB825F0266400D467EC /* Release */,
			);
			defaultConfigurationIsVisible = 0;
			defaultConfigurationName = Release;
		};
		B9F00EB925F0266400D467EC /* Build configuration list for PBXNativeTarget "ThreePounds" */ = {
			isa = XCConfigurationList;
			buildConfigurations = (
				B9F00EBA25F0266400D467EC /* Debug */,
				B9F00EBB25F0266400D467EC /* Release */,
			);
			defaultConfigurationIsVisible = 0;
			defaultConfigurationName = Release;
		};
/* End XCConfigurationList section */
	};
	rootObject = B9F00E9D25F0266200D467EC /* Project object */;
}
